
Microsoft Visual Studio Solution File, Format Version 12.00
# Visual Studio Version 17
VisualStudioVersion = 17.7.34024.191
MinimumVisualStudioVersion = 10.0.40219.1
Project("{9A19103F-16F7-4668-BE54-9A1E7A4F7556}") = "MovieBase.Api", "MovieBase.Api\MovieBase.Api.csproj", "{5CE7264F-AF06-4715-B5D8-7C11922CA146}"
EndProject
Project("{9A19103F-16F7-4668-BE54-9A1E7A4F7556}") = "MovieBase.Common", "MovieBase.Common\MovieBase.Common.csproj", "{2F150847-B18A-4060-BF49-640BF0C0DC27}"
EndProject
Project("{9A19103F-16F7-4668-BE54-9A1E7A4F7556}") = "MovieBase.Data", "MovieBase.Data\MovieBase.Data.csproj", "{D6D27B51-F1B6-4D02-9E4C-12B54C6D6A6A}"
EndProject
Project("{FAE04EC0-301F-11D3-BF4B-00C04F79EFBC}") = "MovieBase.Users", "MovieBase.Users\MovieBase.Users.csproj", "{8D3315AF-C278-46F5-9ED5-F2698F3DB9FB}"
EndProject
Project("{FAE04EC0-301F-11D3-BF4B-00C04F79EFBC}") = "MovieBase.TestClient", "MovieBase.TestClient\MovieBase.TestClient.csproj", "{7FCC1B04-CC67-4F81-B9B1-549AB4AABAC9}"
EndProject
Global
	GlobalSection(SolutionConfigurationPlatforms) = preSolution
		Debug|Any CPU = Debug|Any CPU
		Release|Any CPU = Release|Any CPU
	EndGlobalSection
	GlobalSection(ProjectConfigurationPlatforms) = postSolution
		{5CE7264F-AF06-4715-B5D8-7C11922CA146}.Debug|Any CPU.ActiveCfg = Debug|Any CPU
		{5CE7264F-AF06-4715-B5D8-7C11922CA146}.Debug|Any CPU.Build.0 = Debug|Any CPU
		{5CE7264F-AF06-4715-B5D8-7C11922CA146}.Release|Any CPU.ActiveCfg = Release|Any CPU
		{5CE7264F-AF06-4715-B5D8-7C11922CA146}.Release|Any CPU.Build.0 = Release|Any CPU
		{2F150847-B18A-4060-BF49-640BF0C0DC27}.Debug|Any CPU.ActiveCfg = Debug|Any CPU
		{2F150847-B18A-4060-BF49-640BF0C0DC27}.Debug|Any CPU.Build.0 = Debug|Any CPU
		{2F150847-B18A-4060-BF49-640BF0C0DC27}.Release|Any CPU.ActiveCfg = Release|Any CPU
		{2F150847-B18A-4060-BF49-640BF0C0DC27}.Release|Any CPU.Build.0 = Release|Any CPU
		{D6D27B51-F1B6-4D02-9E4C-12B54C6D6A6A}.Debug|Any CPU.ActiveCfg = Debug|Any CPU
		{D6D27B51-F1B6-4D02-9E4C-12B54C6D6A6A}.Debug|Any CPU.Build.0 = Debug|Any CPU
		{D6D27B51-F1B6-4D02-9E4C-12B54C6D6A6A}.Release|Any CPU.ActiveCfg = Release|Any CPU
		{D6D27B51-F1B6-4D02-9E4C-12B54C6D6A6A}.Release|Any CPU.Build.0 = Release|Any CPU
		{8D3315AF-C278-46F5-9ED5-F2698F3DB9FB}.Debug|Any CPU.ActiveCfg = Debug|Any CPU
		{8D3315AF-C278-46F5-9ED5-F2698F3DB9FB}.Debug|Any CPU.Build.0 = Debug|Any CPU
		{8D3315AF-C278-46F5-9ED5-F2698F3DB9FB}.Release|Any CPU.ActiveCfg = Release|Any CPU
		{8D3315AF-C278-46F5-9ED5-F2698F3DB9FB}.Release|Any CPU.Build.0 = Release|Any CPU
		{7FCC1B04-CC67-4F81-B9B1-549AB4AABAC9}.Debug|Any CPU.ActiveCfg = Debug|Any CPU
		{7FCC1B04-CC67-4F81-B9B1-549AB4AABAC9}.Debug|Any CPU.Build.0 = Debug|Any CPU
		{7FCC1B04-CC67-4F81-B9B1-549AB4AABAC9}.Release|Any CPU.ActiveCfg = Release|Any CPU
		{7FCC1B04-CC67-4F81-B9B1-549AB4AABAC9}.Release|Any CPU.Build.0 = Release|Any CPU
	EndGlobalSection
	GlobalSection(SolutionProperties) = preSolution
		HideSolutionNode = FALSE
	EndGlobalSection
	GlobalSection(ExtensibilityGlobals) = postSolution
		SolutionGuid = {4C55D931-F6ED-4C8E-85D2-06710D468B53}
	EndGlobalSection
EndGlobal
